
Microsoft Visual Studio Solution File, Format Version 12.00
# Visual Studio Version 18
VisualStudioVersion = 18.4.11626.88 stable
MinimumVisualStudioVersion = 10.0.40219.1
Project("{FAE04EC0-301F-11D3-BF4B-00C04F79EFBC}") = "StoreManagementSystem", "StoreManagementSystem.csproj", "{9ECC81B6-841D-89E6-256B-F5AD6627A72C}"
EndProject
Global
	GlobalSection(SolutionConfigurationPlatforms) = preSolution
		Debug|Any CPU = Debug|Any CPU
		Release|Any CPU = Release|Any CPU
	EndGlobalSection
	GlobalSection(ProjectConfigurationPlatforms) = postSolution
		{9ECC81B6-841D-89E6-256B-F5AD6627A72C}.Debug|Any CPU.ActiveCfg = Debug|Any CPU
		{9ECC81B6-841D-89E6-256B-F5AD6627A72C}.Debug|Any CPU.Build.0 = Debug|Any CPU
		{9ECC81B6-841D-89E6-256B-F5AD6627A72C}.Release|Any CPU.ActiveCfg = Release|Any CPU
		{9ECC81B6-841D-89E6-256B-F5AD6627A72C}.Release|Any CPU.Build.0 = Release|Any CPU
	EndGlobalSection
	GlobalSection(SolutionProperties) = preSolution
		HideSolutionNode = FALSE
	EndGlobalSection
	GlobalSection(ExtensibilityGlobals) = postSolution
		SolutionGuid = {7AA7C83C-37D8-4077-8C12-2B06198A711A}
	EndGlobalSection
EndGlobal
